
Microsoft Visual Studio Solution File, Format Version 12.00
# Visual Studio Version 17
VisualStudioVersion = 17.0.32014.148
MinimumVisualStudioVersion = 10.0.40219.1
Project("{9A19103F-16F7-4668-BE54-9A1E7A4F7556}") = "Maternity Hospital", "Maternity Hospital\Maternity Hospital.csproj", "{85A6DD85-D17E-4851-8E02-908165436BF8}"
EndProject
Project("{FAE04EC0-301F-11D3-BF4B-00C04F79EFBC}") = "Tank Factory", "Tank Factory\Tank Factory.csproj", "{A7A190E0-AE6C-46E7-B427-D7D108F059E4}"
EndProject
Global
	GlobalSection(SolutionConfigurationPlatforms) = preSolution
		Debug|Any CPU = Debug|Any CPU
		Release|Any CPU = Release|Any CPU
	EndGlobalSection
	GlobalSection(ProjectConfigurationPlatforms) = postSolution
		{85A6DD85-D17E-4851-8E02-908165436BF8}.Debug|Any CPU.ActiveCfg = Debug|Any CPU
		{85A6DD85-D17E-4851-8E02-908165436BF8}.Debug|Any CPU.Build.0 = Debug|Any CPU
		{85A6DD85-D17E-4851-8E02-908165436BF8}.Release|Any CPU.ActiveCfg = Release|Any CPU
		{85A6DD85-D17E-4851-8E02-908165436BF8}.Release|Any CPU.Build.0 = Release|Any CPU
		{A7A190E0-AE6C-46E7-B427-D7D108F059E4}.Debug|Any CPU.ActiveCfg = Debug|Any CPU
		{A7A190E0-AE6C-46E7-B427-D7D108F059E4}.Debug|Any CPU.Build.0 = Debug|Any CPU
		{A7A190E0-AE6C-46E7-B427-D7D108F059E4}.Release|Any CPU.ActiveCfg = Release|Any CPU
		{A7A190E0-AE6C-46E7-B427-D7D108F059E4}.Release|Any CPU.Build.0 = Release|Any CPU
	EndGlobalSection
	GlobalSection(SolutionProperties) = preSolution
		HideSolutionNode = FALSE
	EndGlobalSection
	GlobalSection(ExtensibilityGlobals) = postSolution
		SolutionGuid = {108C5B99-6E49-4CAB-ACEF-7F1E9FD82668}
	EndGlobalSection
EndGlobal
